
Microsoft Visual Studio Solution File, Format Version 12.00
# Visual Studio Version 16
VisualStudioVersion = 16.0.30611.23
MinimumVisualStudioVersion = 10.0.40219.1
Project("{8BC9CEB8-8B4A-11D0-8D11-00A0C91BC942}") = "Hacking_Study", "Hacking_Study.vcxproj", "{F171E6DE-62E1-436A-96CE-12D1513AA323}"
EndProject
Global
	GlobalSection(SolutionConfigurationPlatforms) = preSolution
		Debug|x64 = Debug|x64
		Debug|x86 = Debug|x86
		Release|x64 = Release|x64
		Release|x86 = Release|x86
	EndGlobalSection
	GlobalSection(ProjectConfigurationPlatforms) = postSolution
		{F171E6DE-62E1-436A-96CE-12D1513AA323}.Debug|x64.ActiveCfg = Debug|x64
		{F171E6DE-62E1-436A-96CE-12D1513AA323}.Debug|x64.Build.0 = Debug|x64
		{F171E6DE-62E1-436A-96CE-12D1513AA323}.Debug|x86.ActiveCfg = Debug|Win32
		{F171E6DE-62E1-436A-96CE-12D1513AA323}.Debug|x86.Build.0 = Debug|Win32
		{F171E6DE-62E1-436A-96CE-12D1513AA323}.Release|x64.ActiveCfg = Release|x64
		{F171E6DE-62E1-436A-96CE-12D1513AA323}.Release|x64.Build.0 = Release|x64
		{F171E6DE-62E1-436A-96CE-12D1513AA323}.Release|x86.ActiveCfg = Release|Win32
		{F171E6DE-62E1-436A-96CE-12D1513AA323}.Release|x86.Build.0 = Release|Win32
	EndGlobalSection
	GlobalSection(SolutionProperties) = preSolution
		HideSolutionNode = FALSE
	EndGlobalSection
	GlobalSection(ExtensibilityGlobals) = postSolution
		SolutionGuid = {F63ABF71-F151-4BC1-B3A9-4D3918424C8D}
	EndGlobalSection
EndGlobal
